{
  "version": 4,
  "terraform_version": "1.1.7",
  "serial": 178,
  "lineage": "27cdbd01-3950-564d-99a4-7acb1213f7a1",
  "outputs": {
    "existing": {
      "value": "LTEyNzgvMjMvMTUy",
      "type": "string"
    }
  },
  "resources": [
    {
      "mode": "data",
      "type": "minecraft_block",
      "name": "existing",
      "provider": "provider[\"registry.terraform.io/nicholasjackson/mc\"]",
      "instances": [
        {
          "schema_version": 0,
          "attributes": {
            "id": "LTEyNzgvMjMvMTUy",
            "x": -1278,
            "y": 23,
            "z": 152
          },
          "sensitive_attributes": []
        }
      ]
    },
    {
      "mode": "managed",
      "type": "minecraft_schema",
      "name": "bus",
      "provider": "provider[\"registry.terraform.io/nicholasjackson/mc\"]",
      "instances": [
        {
          "schema_version": 0,
          "attributes": {
            "id": "1668269738118",
            "rotation": 90,
            "schema": "./car.zip",
            "schema_hash": "GlcbIxS+tBGsVVkdctmHkozo40ER0oJfkzkvOxBLvGA=",
            "x": -1278,
            "y": 24,
            "z": 129
          },
          "sensitive_attributes": []
        }
      ]
    },
    {
      "module": "module.tower",
      "mode": "managed",
      "type": "minecraft_block",
      "name": "block1",
      "provider": "provider[\"registry.terraform.io/nicholasjackson/mc\"]",
      "instances": [
        {
          "index_key": 0,
          "schema_version": 0,
          "attributes": {
            "id": "LTEyNzgvMjQvMTQw",
            "material": "smooth_quartz",
            "x": -1278,
            "y": 24,
            "z": 140
          },
          "sensitive_attributes": []
        },
        {
          "index_key": 1,
          "schema_version": 0,
          "attributes": {
            "id": "LTEyNzgvMjUvMTQw",
            "material": "smooth_quartz",
            "x": -1278,
            "y": 25,
            "z": 140
          },
          "sensitive_attributes": []
        },
        {
          "index_key": 2,
          "schema_version": 0,
          "attributes": {
            "id": "LTEyNzgvMjYvMTQw",
            "material": "smooth_quartz",
            "x": -1278,
            "y": 26,
            "z": 140
          },
          "sensitive_attributes": []
        },
        {
          "index_key": 3,
          "schema_version": 0,
          "attributes": {
            "id": "LTEyNzgvMjcvMTQw",
            "material": "smooth_quartz",
            "x": -1278,
            "y": 27,
            "z": 140
          },
          "sensitive_attributes": []
        },
        {
          "index_key": 4,
          "schema_version": 0,
          "attributes": {
            "id": "LTEyNzgvMjgvMTQw",
            "material": "smooth_quartz",
            "x": -1278,
            "y": 28,
            "z": 140
          },
          "sensitive_attributes": []
        },
        {
          "index_key": 5,
          "schema_version": 0,
          "attributes": {
            "id": "LTEyNzgvMjkvMTQw",
            "material": "smooth_quartz",
            "x": -1278,
            "y": 29,
            "z": 140
          },
          "sensitive_attributes": []
        },
        {
          "index_key": 6,
          "schema_version": 0,
          "attributes": {
            "id": "LTEyNzgvMzAvMTQw",
            "material": "smooth_quartz",
            "x": -1278,
            "y": 30,
            "z": 140
          },
          "sensitive_attributes": []
        },
        {
          "index_key": 7,
          "schema_version": 0,
          "attributes": {
            "id": "LTEyNzgvMzEvMTQw",
            "material": "smooth_quartz",
            "x": -1278,
            "y": 31,
            "z": 140
          },
          "sensitive_attributes": []
        },
        {
          "index_key": 8,
          "schema_version": 0,
          "attributes": {
            "id": "LTEyNzgvMzIvMTQw",
            "material": "smooth_quartz",
            "x": -1278,
            "y": 32,
            "z": 140
          },
          "sensitive_attributes": []
        },
        {
          "index_key": 9,
          "schema_version": 0,
          "attributes": {
            "id": "LTEyNzgvMzMvMTQw",
            "material": "smooth_quartz",
            "x": -1278,
            "y": 33,
            "z": 140
          },
          "sensitive_attributes": []
        }
      ]
    },
    {
      "module": "module.tower",
      "mode": "managed",
      "type": "minecraft_block",
      "name": "block2",
      "provider": "provider[\"registry.terraform.io/nicholasjackson/mc\"]",
      "instances": [
        {
          "index_key": 0,
          "schema_version": 0,
          "attributes": {
            "id": "LTEyNzcvMjQvMTQw",
            "material": "smooth_quartz",
            "x": -1277,
            "y": 24,
            "z": 140
          },
          "sensitive_attributes": []
        },
        {
          "index_key": 1,
          "schema_version": 0,
          "attributes": {
            "id": "LTEyNzcvMjUvMTQw",
            "material": "smooth_quartz",
            "x": -1277,
            "y": 25,
            "z": 140
          },
          "sensitive_attributes": []
        },
        {
          "index_key": 2,
          "schema_version": 0,
          "attributes": {
            "id": "LTEyNzcvMjYvMTQw",
            "material": "smooth_quartz",
            "x": -1277,
            "y": 26,
            "z": 140
          },
          "sensitive_attributes": []
        },
        {
          "index_key": 3,
          "schema_version": 0,
          "attributes": {
            "id": "LTEyNzcvMjcvMTQw",
            "material": "smooth_quartz",
            "x": -1277,
            "y": 27,
            "z": 140
          },
          "sensitive_attributes": []
        },
        {
          "index_key": 4,
          "schema_version": 0,
          "attributes": {
            "id": "LTEyNzcvMjgvMTQw",
            "material": "smooth_quartz",
            "x": -1277,
            "y": 28,
            "z": 140
          },
          "sensitive_attributes": []
        },
        {
          "index_key": 5,
          "schema_version": 0,
          "attributes": {
            "id": "LTEyNzcvMjkvMTQw",
            "material": "smooth_quartz",
            "x": -1277,
            "y": 29,
            "z": 140
          },
          "sensitive_attributes": []
        },
        {
          "index_key": 6,
          "schema_version": 0,
          "attributes": {
            "id": "LTEyNzcvMzAvMTQw",
            "material": "smooth_quartz",
            "x": -1277,
            "y": 30,
            "z": 140
          },
          "sensitive_attributes": []
        },
        {
          "index_key": 7,
          "schema_version": 0,
          "attributes": {
            "id": "LTEyNzcvMzEvMTQw",
            "material": "smooth_quartz",
            "x": -1277,
            "y": 31,
            "z": 140
          },
          "sensitive_attributes": []
        },
        {
          "index_key": 8,
          "schema_version": 0,
          "attributes": {
            "id": "LTEyNzcvMzIvMTQw",
            "material": "smooth_quartz",
            "x": -1277,
            "y": 32,
            "z": 140
          },
          "sensitive_attributes": []
        },
        {
          "index_key": 9,
          "schema_version": 0,
          "attributes": {
            "id": "LTEyNzcvMzMvMTQw",
            "material": "smooth_quartz",
            "x": -1277,
            "y": 33,
            "z": 140
          },
          "sensitive_attributes": []
        }
      ]
    },
    {
      "module": "module.tower",
      "mode": "managed",
      "type": "minecraft_block",
      "name": "block3",
      "provider": "provider[\"registry.terraform.io/nicholasjackson/mc\"]",
      "instances": [
        {
          "index_key": 0,
          "schema_version": 0,
          "attributes": {
            "id": "LTEyNzgvMjQvMTQx",
            "material": "smooth_quartz",
            "x": -1278,
            "y": 24,
            "z": 141
          },
          "sensitive_attributes": []
        },
        {
          "index_key": 1,
          "schema_version": 0,
          "attributes": {
            "id": "LTEyNzgvMjUvMTQx",
            "material": "smooth_quartz",
            "x": -1278,
            "y": 25,
            "z": 141
          },
          "sensitive_attributes": []
        },
        {
          "index_key": 2,
          "schema_version": 0,
          "attributes": {
            "id": "LTEyNzgvMjYvMTQx",
            "material": "smooth_quartz",
            "x": -1278,
            "y": 26,
            "z": 141
          },
          "sensitive_attributes": []
        },
        {
          "index_key": 3,
          "schema_version": 0,
          "attributes": {
            "id": "LTEyNzgvMjcvMTQx",
            "material": "smooth_quartz",
            "x": -1278,
            "y": 27,
            "z": 141
          },
          "sensitive_attributes": []
        },
        {
          "index_key": 4,
          "schema_version": 0,
          "attributes": {
            "id": "LTEyNzgvMjgvMTQx",
            "material": "smooth_quartz",
            "x": -1278,
            "y": 28,
            "z": 141
          },
          "sensitive_attributes": []
        },
        {
          "index_key": 5,
          "schema_version": 0,
          "attributes": {
            "id": "LTEyNzgvMjkvMTQx",
            "material": "smooth_quartz",
            "x": -1278,
            "y": 29,
            "z": 141
          },
          "sensitive_attributes": []
        },
        {
          "index_key": 6,
          "schema_version": 0,
          "attributes": {
            "id": "LTEyNzgvMzAvMTQx",
            "material": "smooth_quartz",
            "x": -1278,
            "y": 30,
            "z": 141
          },
          "sensitive_attributes": []
        },
        {
          "index_key": 7,
          "schema_version": 0,
          "attributes": {
            "id": "LTEyNzgvMzEvMTQx",
            "material": "smooth_quartz",
            "x": -1278,
            "y": 31,
            "z": 141
          },
          "sensitive_attributes": []
        },
        {
          "index_key": 8,
          "schema_version": 0,
          "attributes": {
            "id": "LTEyNzgvMzIvMTQx",
            "material": "smooth_quartz",
            "x": -1278,
            "y": 32,
            "z": 141
          },
          "sensitive_attributes": []
        },
        {
          "index_key": 9,
          "schema_version": 0,
          "attributes": {
            "id": "LTEyNzgvMzMvMTQx",
            "material": "smooth_quartz",
            "x": -1278,
            "y": 33,
            "z": 141
          },
          "sensitive_attributes": []
        }
      ]
    },
    {
      "module": "module.tower",
      "mode": "managed",
      "type": "minecraft_block",
      "name": "block4",
      "provider": "provider[\"registry.terraform.io/nicholasjackson/mc\"]",
      "instances": [
        {
          "index_key": 0,
          "schema_version": 0,
          "attributes": {
            "id": "LTEyNzcvMjQvMTQx",
            "material": "smooth_quartz",
            "x": -1277,
            "y": 24,
            "z": 141
          },
          "sensitive_attributes": []
        },
        {
          "index_key": 1,
          "schema_version": 0,
          "attributes": {
            "id": "LTEyNzcvMjUvMTQx",
            "material": "smooth_quartz",
            "x": -1277,
            "y": 25,
            "z": 141
          },
          "sensitive_attributes": []
        },
        {
          "index_key": 2,
          "schema_version": 0,
          "attributes": {
            "id": "LTEyNzcvMjYvMTQx",
            "material": "smooth_quartz",
            "x": -1277,
            "y": 26,
            "z": 141
          },
          "sensitive_attributes": []
        },
        {
          "index_key": 3,
          "schema_version": 0,
          "attributes": {
            "id": "LTEyNzcvMjcvMTQx",
            "material": "smooth_quartz",
            "x": -1277,
            "y": 27,
            "z": 141
          },
          "sensitive_attributes": []
        },
        {
          "index_key": 4,
          "schema_version": 0,
          "attributes": {
            "id": "LTEyNzcvMjgvMTQx",
            "material": "smooth_quartz",
            "x": -1277,
            "y": 28,
            "z": 141
          },
          "sensitive_attributes": []
        },
        {
          "index_key": 5,
          "schema_version": 0,
          "attributes": {
            "id": "LTEyNzcvMjkvMTQx",
            "material": "smooth_quartz",
            "x": -1277,
            "y": 29,
            "z": 141
          },
          "sensitive_attributes": []
        },
        {
          "index_key": 6,
          "schema_version": 0,
          "attributes": {
            "id": "LTEyNzcvMzAvMTQx",
            "material": "smooth_quartz",
            "x": -1277,
            "y": 30,
            "z": 141
          },
          "sensitive_attributes": []
        },
        {
          "index_key": 7,
          "schema_version": 0,
          "attributes": {
            "id": "LTEyNzcvMzEvMTQx",
            "material": "smooth_quartz",
            "x": -1277,
            "y": 31,
            "z": 141
          },
          "sensitive_attributes": []
        },
        {
          "index_key": 8,
          "schema_version": 0,
          "attributes": {
            "id": "LTEyNzcvMzIvMTQx",
            "material": "smooth_quartz",
            "x": -1277,
            "y": 32,
            "z": 141
          },
          "sensitive_attributes": []
        },
        {
          "index_key": 9,
          "schema_version": 0,
          "attributes": {
            "id": "LTEyNzcvMzMvMTQx",
            "material": "smooth_quartz",
            "x": -1277,
            "y": 33,
            "z": 141
          },
          "sensitive_attributes": []
        }
      ]
    }
  ]
}
